
Microsoft Visual Studio Solution File, Format Version 12.00
# Visual Studio Version 16
VisualStudioVersion = 16.0.30002.166
MinimumVisualStudioVersion = 10.0.40219.1
Project("{FAE04EC0-301F-11D3-BF4B-00C04F79EFBC}") = "CTBackofficeApi", "ContactTracingApi\CTBackofficeApi.csproj", "{E35C07A9-AF30-4F36-825F-3AB5D6FAD84B}"
EndProject
Project("{FAE04EC0-301F-11D3-BF4B-00C04F79EFBC}") = "Core", "Core\Core.csproj", "{DAFB0980-6E9D-4863-A47C-B009C7F3A2D8}"
EndProject
Project("{FAE04EC0-301F-11D3-BF4B-00C04F79EFBC}") = "Business", "Services\Business.csproj", "{CA164D24-A216-4A42-9E90-45A19B5A02DA}"
EndProject
Project("{FAE04EC0-301F-11D3-BF4B-00C04F79EFBC}") = "DAL", "Data\DAL.csproj", "{350D524E-DBDF-4CC6-8F06-644BB3A6A5A5}"
EndProject
Project("{FAE04EC0-301F-11D3-BF4B-00C04F79EFBC}") = "ContactTracingApi", "ContactTracingApi\ContactTracingApi.csproj", "{B701A2E3-5AE0-41BA-B14B-E070DC943B47}"
EndProject
Global
	GlobalSection(SolutionConfigurationPlatforms) = preSolution
		Debug|Any CPU = Debug|Any CPU
		Release|Any CPU = Release|Any CPU
	EndGlobalSection
	GlobalSection(ProjectConfigurationPlatforms) = postSolution
		{E35C07A9-AF30-4F36-825F-3AB5D6FAD84B}.Debug|Any CPU.ActiveCfg = Debug|Any CPU
		{E35C07A9-AF30-4F36-825F-3AB5D6FAD84B}.Debug|Any CPU.Build.0 = Debug|Any CPU
		{E35C07A9-AF30-4F36-825F-3AB5D6FAD84B}.Release|Any CPU.ActiveCfg = Release|Any CPU
		{E35C07A9-AF30-4F36-825F-3AB5D6FAD84B}.Release|Any CPU.Build.0 = Release|Any CPU
		{DAFB0980-6E9D-4863-A47C-B009C7F3A2D8}.Debug|Any CPU.ActiveCfg = Debug|Any CPU
		{DAFB0980-6E9D-4863-A47C-B009C7F3A2D8}.Debug|Any CPU.Build.0 = Debug|Any CPU
		{DAFB0980-6E9D-4863-A47C-B009C7F3A2D8}.Release|Any CPU.ActiveCfg = Release|Any CPU
		{DAFB0980-6E9D-4863-A47C-B009C7F3A2D8}.Release|Any CPU.Build.0 = Release|Any CPU
		{CA164D24-A216-4A42-9E90-45A19B5A02DA}.Debug|Any CPU.ActiveCfg = Debug|Any CPU
		{CA164D24-A216-4A42-9E90-45A19B5A02DA}.Debug|Any CPU.Build.0 = Debug|Any CPU
		{CA164D24-A216-4A42-9E90-45A19B5A02DA}.Release|Any CPU.ActiveCfg = Release|Any CPU
		{CA164D24-A216-4A42-9E90-45A19B5A02DA}.Release|Any CPU.Build.0 = Release|Any CPU
		{350D524E-DBDF-4CC6-8F06-644BB3A6A5A5}.Debug|Any CPU.ActiveCfg = Debug|Any CPU
		{350D524E-DBDF-4CC6-8F06-644BB3A6A5A5}.Debug|Any CPU.Build.0 = Debug|Any CPU
		{350D524E-DBDF-4CC6-8F06-644BB3A6A5A5}.Release|Any CPU.ActiveCfg = Release|Any CPU
		{350D524E-DBDF-4CC6-8F06-644BB3A6A5A5}.Release|Any CPU.Build.0 = Release|Any CPU
		{B701A2E3-5AE0-41BA-B14B-E070DC943B47}.Debug|Any CPU.ActiveCfg = Debug|Any CPU
		{B701A2E3-5AE0-41BA-B14B-E070DC943B47}.Debug|Any CPU.Build.0 = Debug|Any CPU
		{B701A2E3-5AE0-41BA-B14B-E070DC943B47}.Release|Any CPU.ActiveCfg = Release|Any CPU
		{B701A2E3-5AE0-41BA-B14B-E070DC943B47}.Release|Any CPU.Build.0 = Release|Any CPU
	EndGlobalSection
	GlobalSection(SolutionProperties) = preSolution
		HideSolutionNode = FALSE
	EndGlobalSection
	GlobalSection(ExtensibilityGlobals) = postSolution
		SolutionGuid = {DC81FB05-C1A0-4A01-B505-352274CAC477}
	EndGlobalSection
EndGlobal
